
Microsoft Visual Studio Solution File, Format Version 11.00
# Visual Studio 2010
Project("{FAE04EC0-301F-11D3-BF4B-00C04F79EFBC}") = "SMVPlayer", "Assembly-CSharp.csproj", "{0E2E3EFA-94F2-36D2-6F07-03559A5F5326}"
EndProject
Project("{FAE04EC0-301F-11D3-BF4B-00C04F79EFBC}") = "SMVPlayer", "Assembly-CSharp-Editor.csproj", "{A6F12B64-F577-DE07-DF85-4AA0DEC0825A}"
EndProject
Global
	GlobalSection(SolutionConfigurationPlatforms) = preSolution
		Debug|Any CPU = Debug|Any CPU
		Release|Any CPU = Release|Any CPU
	EndGlobalSection
	GlobalSection(ProjectConfigurationPlatforms) = postSolution
		{0E2E3EFA-94F2-36D2-6F07-03559A5F5326}.Debug|Any CPU.ActiveCfg = Debug|Any CPU
		{0E2E3EFA-94F2-36D2-6F07-03559A5F5326}.Debug|Any CPU.Build.0 = Debug|Any CPU
		{0E2E3EFA-94F2-36D2-6F07-03559A5F5326}.Release|Any CPU.ActiveCfg = Release|Any CPU
		{0E2E3EFA-94F2-36D2-6F07-03559A5F5326}.Release|Any CPU.Build.0 = Release|Any CPU
		{A6F12B64-F577-DE07-DF85-4AA0DEC0825A}.Debug|Any CPU.ActiveCfg = Debug|Any CPU
		{A6F12B64-F577-DE07-DF85-4AA0DEC0825A}.Debug|Any CPU.Build.0 = Debug|Any CPU
		{A6F12B64-F577-DE07-DF85-4AA0DEC0825A}.Release|Any CPU.ActiveCfg = Release|Any CPU
		{A6F12B64-F577-DE07-DF85-4AA0DEC0825A}.Release|Any CPU.Build.0 = Release|Any CPU
	EndGlobalSection
	GlobalSection(SolutionProperties) = preSolution
		HideSolutionNode = FALSE
	EndGlobalSection
	GlobalSection(MonoDevelopProperties) = preSolution
		StartupItem = Assembly-CSharp.csproj
	EndGlobalSection
EndGlobal
